
Microsoft Visual Studio Solution File, Format Version 12.00
# Visual Studio Version 16
VisualStudioVersion = 16.0.30804.86
MinimumVisualStudioVersion = 10.0.40219.1
Project("{FAE04EC0-301F-11D3-BF4B-00C04F79EFBC}") = "Demo", "Demo\Demo.csproj", "{CC5C82E1-F0D7-48F1-83AA-E735F0963A8D}"
EndProject
Global
	GlobalSection(SolutionConfigurationPlatforms) = preSolution
		Debug|Any CPU = Debug|Any CPU
		Release|Any CPU = Release|Any CPU
	EndGlobalSection
	GlobalSection(ProjectConfigurationPlatforms) = postSolution
		{CC5C82E1-F0D7-48F1-83AA-E735F0963A8D}.Debug|Any CPU.ActiveCfg = Debug|Any CPU
		{CC5C82E1-F0D7-48F1-83AA-E735F0963A8D}.Debug|Any CPU.Build.0 = Debug|Any CPU
		{CC5C82E1-F0D7-48F1-83AA-E735F0963A8D}.Release|Any CPU.ActiveCfg = Release|Any CPU
		{CC5C82E1-F0D7-48F1-83AA-E735F0963A8D}.Release|Any CPU.Build.0 = Release|Any CPU
	EndGlobalSection
	GlobalSection(SolutionProperties) = preSolution
		HideSolutionNode = FALSE
	EndGlobalSection
	GlobalSection(ExtensibilityGlobals) = postSolution
		SolutionGuid = {AC24840D-588C-4241-8D34-93FFC94C1A10}
	EndGlobalSection
EndGlobal
